// !$*UTF8*$!
{
	archiveVersion = 1;
	classes = {
	};
	objectVersion = 46;
	objects = {

/* Begin PBXBuildFile section */
		AE559EEF1B423E140019C822 /* AppDelegate.swift in Sources */ = {isa = PBXBuildFile; fileRef = AE559EEE1B423E140019C822 /* AppDelegate.swift */; };
		AE559EF21B423E140019C822 /* AppName.xcdatamodeld in Sources */ = {isa = PBXBuildFile; fileRef = AE559EF01B423E140019C822 /* AppName.xcdatamodeld */; };
		AE559EF41B423E140019C822 /* ViewController.swift in Sources */ = {isa = PBXBuildFile; fileRef = AE559EF31B423E140019C822 /* ViewController.swift */; };
		AE559EF71B423E140019C822 /* Main.storyboard in Resources */ = {isa = PBXBuildFile; fileRef = AE559EF51B423E140019C822 /* Main.storyboard */; };
		AE559EF91B423E140019C822 /* Images.xcassets in Resources */ = {isa = PBXBuildFile; fileRef = AE559EF81B423E140019C822 /* Images.xcassets */; };
		AE559EFC1B423E140019C822 /* LaunchScreen.xib in Resources */ = {isa = PBXBuildFile; fileRef = AE559EFA1B423E140019C822 /* LaunchScreen.xib */; };
		AE559F081B423E140019C822 /* AppNameTests.swift in Sources */ = {isa = PBXBuildFile; fileRef = AE559F071B423E140019C822 /* AppNameTests.swift */; };
/* End PBXBuildFile section */

/* Begin PBXContainerItemProxy section */
		AE559F021B423E140019C822 /* PBXContainerItemProxy */ = {
			isa = PBXContainerItemProxy;
			containerPortal = AE559EE11B423E140019C822 /* Project object */;
			proxyType = 1;
			remoteGlobalIDString = AE559EE81B423E140019C822;
			remoteInfo = AppName;
		};
/* End PBXContainerItemProxy section */

/* Begin PBXFileReference section */
		AE559EE91B423E140019C822 /* AppName.app */ = {isa = PBXFileReference; explicitFileType = wrapper.application; includeInIndex = 0; path = AppName.app; sourceTree = BUILT_PRODUCTS_DIR; };
		AE559EED1B423E140019C822 /* Info.plist */ = {isa = PBXFileReference; lastKnownFileType = text.plist.xml; path = Info.plist; sourceTree = "<group>"; };
		AE559EEE1B423E140019C822 /* AppDelegate.swift */ = {isa = PBXFileReference; lastKnownFileType = sourcecode.swift; path = AppDelegate.swift; sourceTree = "<group>"; };
		AE559EF11B423E140019C822 /* AppName.xcdatamodel */ = {isa = PBXFileReference; lastKnownFileType = wrapper.xcdatamodel; path = AppName.xcdatamodel; sourceTree = "<group>"; };
		AE559EF31B423E140019C822 /* ViewController.swift */ = {isa = PBXFileReference; lastKnownFileType = sourcecode.swift; path = ViewController.swift; sourceTree = "<group>"; };
		AE559EF61B423E140019C822 /* Base */ = {isa = PBXFileReference; lastKnownFileType = file.storyboard; name = Base; path = Base.lproj/Main.storyboard; sourceTree = "<group>"; };
		AE559EF81B423E140019C822 /* Images.xcassets */ = {isa = PBXFileReference; lastKnownFileType = folder.assetcatalog; path = Images.xcassets; sourceTree = "<group>"; };
		AE559EFB1B423E140019C822 /* Base */ = {isa = PBXFileReference; lastKnownFileType = file.xib; name = Base; path = Base.lproj/LaunchScreen.xib; sourceTree = "<group>"; };
		AE559F011B423E140019C822 /* AppNameTests.xctest */ = {isa = PBXFileReference; explicitFileType = wrapper.cfbundle; includeInIndex = 0; path = AppNameTests.xctest; sourceTree = BUILT_PRODUCTS_DIR; };
		AE559F061B423E140019C822 /* Info.plist */ = {isa = PBXFileReference; lastKnownFileType = text.plist.xml; path = Info.plist; sourceTree = "<group>"; };
		AE559F071B423E140019C822 /* AppNameTests.swift */ = {isa = PBXFileReference; lastKnownFileType = sourcecode.swift; path = AppNameTests.swift; sourceTree = "<group>"; };
/* End PBXFileReference section */

/* Begin PBXFrameworksBuildPhase section */
		AE559EE61B423E140019C822 /* Frameworks */ = {
			isa = PBXFrameworksBuildPhase;
			buildActionMask = 2147483647;
			files = (
			);
			runOnlyForDeploymentPostprocessing = 0;
		};
		AE559EFE1B423E140019C822 /* Frameworks */ = {
			isa = PBXFrameworksBuildPhase;
			buildActionMask = 2147483647;
			files = (
			);
			runOnlyForDeploymentPostprocessing = 0;
		};
/* End PBXFrameworksBuildPhase section */

/* Begin PBXGroup section */
		AE559EE01B423E140019C822 = {
			isa = PBXGroup;
			children = (
				AE559EEB1B423E140019C822 /* AppName */,
				AE559F041B423E140019C822 /* AppNameTests */,
				AE559EEA1B423E140019C822 /* Products */,
			);
			sourceTree = "<group>";
		};
		AE559EEA1B423E140019C822 /* Products */ = {
			isa = PBXGroup;
			children = (
				AE559EE91B423E140019C822 /* AppName.app */,
				AE559F011B423E140019C822 /* AppNameTests.xctest */,
			);
			name = Products;
			sourceTree = "<group>";
		};
		AE559EEB1B423E140019C822 /* AppName */ = {
			isa = PBXGroup;
			children = (
				AE559EEE1B423E140019C822 /* AppDelegate.swift */,
				AE559EF31B423E140019C822 /* ViewController.swift */,
				AE559EF51B423E140019C822 /* Main.storyboard */,
				AE559EF81B423E140019C822 /* Images.xcassets */,
				AE559EFA1B423E140019C822 /* LaunchScreen.xib */,
				AE559EF01B423E140019C822 /* AppName.xcdatamodeld */,
				AE559EEC1B423E140019C822 /* Supporting Files */,
			);
			path = AppName;
			sourceTree = "<group>";
		};
		AE559EEC1B423E140019C822 /* Supporting Files */ = {
			isa = PBXGroup;
			children = (
				AE559EED1B423E140019C822 /* Info.plist */,
			);
			name = "Supporting Files";
			sourceTree = "<group>";
		};
		AE559F041B423E140019C822 /* AppNameTests */ = {
			isa = PBXGroup;
			children = (
				AE559F071B423E140019C822 /* AppNameTests.swift */,
				AE559F051B423E140019C822 /* Supporting Files */,
			);
			path = AppNameTests;
			sourceTree = "<group>";
		};
		AE559F051B423E140019C822 /* Supporting Files */ = {
			isa = PBXGroup;
			children = (
				AE559F061B423E140019C822 /* Info.plist */,
			);
			name = "Supporting Files";
			sourceTree = "<group>";
		};
/* End PBXGroup section */

/* Begin PBXNativeTarget section */
		AE559EE81B423E140019C822 /* AppName */ = {
			isa = PBXNativeTarget;
			buildConfigurationList = AE559F0B1B423E140019C822 /* Build configuration list for PBXNativeTarget "AppName" */;
			buildPhases = (
				AE559EE51B423E140019C822 /* Sources */,
				AE559EE61B423E140019C822 /* Frameworks */,
				AE559EE71B423E140019C822 /* Resources */,
			);
			buildRules = (
			);
			dependencies = (
			);
			name = AppName;
			productName = AppName;
			productReference = AE559EE91B423E140019C822 /* AppName.app */;
			productType = "com.apple.product-type.application";
		};
		AE559F001B423E140019C822 /* AppNameTests */ = {
			isa = PBXNativeTarget;
			buildConfigurationList = AE559F0E1B423E140019C822 /* Build configuration list for PBXNativeTarget "AppNameTests" */;
			buildPhases = (
				AE559EFD1B423E140019C822 /* Sources */,
				AE559EFE1B423E140019C822 /* Frameworks */,
				AE559EFF1B423E140019C822 /* Resources */,
			);
			buildRules = (
			);
			dependencies = (
				AE559F031B423E140019C822 /* PBXTargetDependency */,
			);
			name = AppNameTests;
			productName = AppNameTests;
			productReference = AE559F011B423E140019C822 /* AppNameTests.xctest */;
			productType = "com.apple.product-type.bundle.unit-test";
		};
/* End PBXNativeTarget section */

/* Begin PBXProject section */
		AE559EE11B423E140019C822 /* Project object */ = {
			isa = PBXProject;
			attributes = {
				LastUpgradeCheck = 0630;
				ORGANIZATIONNAME = "Ariane Oliveira";
				TargetAttributes = {
					AE559EE81B423E140019C822 = {
						CreatedOnToolsVersion = 6.3.2;
					};
					AE559F001B423E140019C822 = {
						CreatedOnToolsVersion = 6.3.2;
						TestTargetID = AE559EE81B423E140019C822;
					};
				};
			};
			buildConfigurationList = AE559EE41B423E140019C822 /* Build configuration list for PBXProject "AppName" */;
			compatibilityVersion = "Xcode 3.2";
			developmentRegion = English;
			hasScannedForEncodings = 0;
			knownRegions = (
				en,
				Base,
			);
			mainGroup = AE559EE01B423E140019C822;
			productRefGroup = AE559EEA1B423E140019C822 /* Products */;
			projectDirPath = "";
			projectRoot = "";
			targets = (
				AE559EE81B423E140019C822 /* AppName */,
				AE559F001B423E140019C822 /* AppNameTests */,
			);
		};
/* End PBXProject section */

/* Begin PBXResourcesBuildPhase section */
		AE559EE71B423E140019C822 /* Resources */ = {
			isa = PBXResourcesBuildPhase;
			buildActionMask = 2147483647;
			files = (
				AE559EF71B423E140019C822 /* Main.storyboard in Resources */,
				AE559EFC1B423E140019C822 /* LaunchScreen.xib in Resources */,
				AE559EF91B423E140019C822 /* Images.xcassets in Resources */,
			);
			runOnlyForDeploymentPostprocessing = 0;
		};
		AE559EFF1B423E140019C822 /* Resources */ = {
			isa = PBXResourcesBuildPhase;
			buildActionMask = 2147483647;
			files = (
			);
			runOnlyForDeploymentPostprocessing = 0;
		};
/* End PBXResourcesBuildPhase section */

/* Begin PBXSourcesBuildPhase section */
		AE559EE51B423E140019C822 /* Sources */ = {
			isa = PBXSourcesBuildPhase;
			buildActionMask = 2147483647;
			files = (
				AE559EF41B423E140019C822 /* ViewController.swift in Sources */,
				AE559EF21B423E140019C822 /* AppName.xcdatamodeld in Sources */,
				AE559EEF1B423E140019C822 /* AppDelegate.swift in Sources */,
			);
			runOnlyForDeploymentPostprocessing = 0;
		};
		AE559EFD1B423E140019C822 /* Sources */ = {
			isa = PBXSourcesBuildPhase;
			buildActionMask = 2147483647;
			files = (
				AE559F081B423E140019C822 /* AppNameTests.swift in Sources */,
			);
			runOnlyForDeploymentPostprocessing = 0;
		};
/* End PBXSourcesBuildPhase section */

/* Begin PBXTargetDependency section */
		AE559F031B423E140019C822 /* PBXTargetDependency */ = {
			isa = PBXTargetDependency;
			target = AE559EE81B423E140019C822 /* AppName */;
			targetProxy = AE559F021B423E140019C822 /* PBXContainerItemProxy */;
		};
/* End PBXTargetDependency section */

/* Begin PBXVariantGroup section */
		AE559EF51B423E140019C822 /* Main.storyboard */ = {
			isa = PBXVariantGroup;
			children = (
				AE559EF61B423E140019C822 /* Base */,
			);
			name = Main.storyboard;
			sourceTree = "<group>";
		};
		AE559EFA1B423E140019C822 /* LaunchScreen.xib */ = {
			isa = PBXVariantGroup;
			children = (
				AE559EFB1B423E140019C822 /* Base */,
			);
			name = LaunchScreen.xib;
			sourceTree = "<group>";
		};
/* End PBXVariantGroup section */

/* Begin XCBuildConfiguration section */
		AE559F091B423E140019C822 /* Debug */ = {
			isa = XCBuildConfiguration;
			buildSettings = {
				ALWAYS_SEARCH_USER_PATHS = NO;
				CLANG_CXX_LANGUAGE_STANDARD = "gnu++0x";
				CLANG_CXX_LIBRARY = "libc++";
				CLANG_ENABLE_MODULES = YES;
				CLANG_ENABLE_OBJC_ARC = YES;
				CLANG_WARN_BOOL_CONVERSION = YES;
				CLANG_WARN_CONSTANT_CONVERSION = YES;
				CLANG_WARN_DIRECT_OBJC_ISA_USAGE = YES_ERROR;
				CLANG_WARN_EMPTY_BODY = YES;
				CLANG_WARN_ENUM_CONVERSION = YES;
				CLANG_WARN_INT_CONVERSION = YES;
				CLANG_WARN_OBJC_ROOT_CLASS = YES_ERROR;
				CLANG_WARN_UNREACHABLE_CODE = YES;
				CLANG_WARN__DUPLICATE_METHOD_MATCH = YES;
				"CODE_SIGN_IDENTITY[sdk=iphoneos*]" = "iPhone Developer";
				COPY_PHASE_STRIP = NO;
				DEBUG_INFORMATION_FORMAT = "dwarf-with-dsym";
				ENABLE_STRICT_OBJC_MSGSEND = YES;
				GCC_C_LANGUAGE_STANDARD = gnu99;
				GCC_DYNAMIC_NO_PIC = NO;
				GCC_NO_COMMON_BLOCKS = YES;
				GCC_OPTIMIZATION_LEVEL = 0;
				GCC_PREPROCESSOR_DEFINITIONS = (
					"DEBUG=1",
					"$(inherited)",
				);
				GCC_SYMBOLS_PRIVATE_EXTERN = NO;
				GCC_WARN_64_TO_32_BIT_CONVERSION = YES;
				GCC_WARN_ABOUT_RETURN_TYPE = YES_ERROR;
				GCC_WARN_UNDECLARED_SELECTOR = YES;
				GCC_WARN_UNINITIALIZED_AUTOS = YES_AGGRESSIVE;
				GCC_WARN_UNUSED_FUNCTION = YES;
				GCC_WARN_UNUSED_VARIABLE = YES;
				IPHONEOS_DEPLOYMENT_TARGET = 8.3;
				MTL_ENABLE_DEBUG_INFO = YES;
				ONLY_ACTIVE_ARCH = YES;
				SDKROOT = iphoneos;
				SWIFT_OPTIMIZATION_LEVEL = "-Onone";
			};
			name = Debug;
		};
		AE559F0A1B423E140019C822 /* Release */ = {
			isa = XCBuildConfiguration;
			buildSettings = {
				ALWAYS_SEARCH_USER_PATHS = NO;
				CLANG_CXX_LANGUAGE_STANDARD = "gnu++0x";
				CLANG_CXX_LIBRARY = "libc++";
				CLANG_ENABLE_MODULES = YES;
				CLANG_ENABLE_OBJC_ARC = YES;
				CLANG_WARN_BOOL_CONVERSION = YES;
				CLANG_WARN_CONSTANT_CONVERSION = YES;
				CLANG_WARN_DIRECT_OBJC_ISA_USAGE = YES_ERROR;
				CLANG_WARN_EMPTY_BODY = YES;
				CLANG_WARN_ENUM_CONVERSION = YES;
				CLANG_WARN_INT_CONVERSION = YES;
				CLANG_WARN_OBJC_ROOT_CLASS = YES_ERROR;
				CLANG_WARN_UNREACHABLE_CODE = YES;
				CLANG_WARN__DUPLICATE_METHOD_MATCH = YES;
				"CODE_SIGN_IDENTITY[sdk=iphoneos*]" = "iPhone Developer";
				COPY_PHASE_STRIP = NO;
				DEBUG_INFORMATION_FORMAT = "dwarf-with-dsym";
				ENABLE_NS_ASSERTIONS = NO;
				ENABLE_STRICT_OBJC_MSGSEND = YES;
				GCC_C_LANGUAGE_STANDARD = gnu99;
				GCC_NO_COMMON_BLOCKS = YES;
				GCC_WARN_64_TO_32_BIT_CONVERSION = YES;
				GCC_WARN_ABOUT_RETURN_TYPE = YES_ERROR;
				GCC_WARN_UNDECLARED_SELECTOR = YES;
				GCC_WARN_UNINITIALIZED_AUTOS = YES_AGGRESSIVE;
				GCC_WARN_UNUSED_FUNCTION = YES;
				GCC_WARN_UNUSED_VARIABLE = YES;
				IPHONEOS_DEPLOYMENT_TARGET = 8.3;
				MTL_ENABLE_DEBUG_INFO = NO;
				SDKROOT = iphoneos;
				VALIDATE_PRODUCT = YES;
			};
			name = Release;
		};
		AE559F0C1B423E140019C822 /* Debug */ = {
			isa = XCBuildConfiguration;
			buildSettings = {
				ASSETCATALOG_COMPILER_APPICON_NAME = AppIcon;
				INFOPLIST_FILE = AppName/Info.plist;
				LD_RUNPATH_SEARCH_PATHS = "$(inherited) @executable_path/Frameworks";
				PRODUCT_NAME = "$(TARGET_NAME)";
			};
			name = Debug;
		};
		AE559F0D1B423E140019C822 /* Release */ = {
			isa = XCBuildConfiguration;
			buildSettings = {
				ASSETCATALOG_COMPILER_APPICON_NAME = AppIcon;
				INFOPLIST_FILE = AppName/Info.plist;
				LD_RUNPATH_SEARCH_PATHS = "$(inherited) @executable_path/Frameworks";
				PRODUCT_NAME = "$(TARGET_NAME)";
			};
			name = Release;
		};
		AE559F0F1B423E140019C822 /* Debug */ = {
			isa = XCBuildConfiguration;
			buildSettings = {
				BUNDLE_LOADER = "$(TEST_HOST)";
				FRAMEWORK_SEARCH_PATHS = (
					"$(SDKROOT)/Developer/Library/Frameworks",
					"$(inherited)",
				);
				GCC_PREPROCESSOR_DEFINITIONS = (
					"DEBUG=1",
					"$(inherited)",
				);
				INFOPLIST_FILE = AppNameTests/Info.plist;
				LD_RUNPATH_SEARCH_PATHS = "$(inherited) @executable_path/Frameworks @loader_path/Frameworks";
				PRODUCT_NAME = "$(TARGET_NAME)";
				TEST_HOST = "$(BUILT_PRODUCTS_DIR)/AppName.app/AppName";
			};
			name = Debug;
		};
		AE559F101B423E140019C822 /* Release */ = {
			isa = XCBuildConfiguration;
			buildSettings = {
				BUNDLE_LOADER = "$(TEST_HOST)";
				FRAMEWORK_SEARCH_PATHS = (
					"$(SDKROOT)/Developer/Library/Frameworks",
					"$(inherited)",
				);
				INFOPLIST_FILE = AppNameTests/Info.plist;
				LD_RUNPATH_SEARCH_PATHS = "$(inherited) @executable_path/Frameworks @loader_path/Frameworks";
				PRODUCT_NAME = "$(TARGET_NAME)";
				TEST_HOST = "$(BUILT_PRODUCTS_DIR)/AppName.app/AppName";
			};
			name = Release;
		};
/* End XCBuildConfiguration section */

/* Begin XCConfigurationList section */
		AE559EE41B423E140019C822 /* Build configuration list for PBXProject "AppName" */ = {
			isa = XCConfigurationList;
			buildConfigurations = (
				AE559F091B423E140019C822 /* Debug */,
				AE559F0A1B423E140019C822 /* Release */,
			);
			defaultConfigurationIsVisible = 0;
			defaultConfigurationName = Release;
		};
		AE559F0B1B423E140019C822 /* Build configuration list for PBXNativeTarget "AppName" */ = {
			isa = XCConfigurationList;
			buildConfigurations = (
				AE559F0C1B423E140019C822 /* Debug */,
				AE559F0D1B423E140019C822 /* Release */,
			);
			defaultConfigurationIsVisible = 0;
		};
		AE559F0E1B423E140019C822 /* Build configuration list for PBXNativeTarget "AppNameTests" */ = {
			isa = XCConfigurationList;
			buildConfigurations = (
				AE559F0F1B423E140019C822 /* Debug */,
				AE559F101B423E140019C822 /* Release */,
			);
			defaultConfigurationIsVisible = 0;
		};
/* End XCConfigurationList section */

/* Begin XCVersionGroup section */
		AE559EF01B423E140019C822 /* AppName.xcdatamodeld */ = {
			isa = XCVersionGroup;
			children = (
				AE559EF11B423E140019C822 /* AppName.xcdatamodel */,
			);
			currentVersion = AE559EF11B423E140019C822 /* AppName.xcdatamodel */;
			path = AppName.xcdatamodeld;
			sourceTree = "<group>";
			versionGroupType = wrapper.xcdatamodel;
		};
/* End XCVersionGroup section */
	};
	rootObject = AE559EE11B423E140019C822 /* Project object */;
}
